
Microsoft Visual Studio Solution File, Format Version 12.00
# Visual Studio Version 17
VisualStudioVersion = 17.2.32630.192
MinimumVisualStudioVersion = 10.0.40219.1
Project("{FAE04EC0-301F-11D3-BF4B-00C04F79EFBC}") = "HelpOwen", "HelpOwen\HelpOwen.csproj", "{F45F9B75-C83E-47AF-BA05-03AA4E8E36A2}"
EndProject
Global
	GlobalSection(SolutionConfigurationPlatforms) = preSolution
		Debug|Any CPU = Debug|Any CPU
		Release|Any CPU = Release|Any CPU
	EndGlobalSection
	GlobalSection(ProjectConfigurationPlatforms) = postSolution
		{F45F9B75-C83E-47AF-BA05-03AA4E8E36A2}.Debug|Any CPU.ActiveCfg = Debug|Any CPU
		{F45F9B75-C83E-47AF-BA05-03AA4E8E36A2}.Debug|Any CPU.Build.0 = Debug|Any CPU
		{F45F9B75-C83E-47AF-BA05-03AA4E8E36A2}.Release|Any CPU.ActiveCfg = Release|Any CPU
		{F45F9B75-C83E-47AF-BA05-03AA4E8E36A2}.Release|Any CPU.Build.0 = Release|Any CPU
	EndGlobalSection
	GlobalSection(SolutionProperties) = preSolution
		HideSolutionNode = FALSE
	EndGlobalSection
	GlobalSection(ExtensibilityGlobals) = postSolution
		SolutionGuid = {0DF96E0D-8B9C-4845-A7BC-957BFEF4E7AF}
	EndGlobalSection
EndGlobal
